
Microsoft Visual Studio Solution File, Format Version 12.00
# Visual Studio Version 17
VisualStudioVersion = 17.13.35806.99 d17.13
MinimumVisualStudioVersion = 10.0.40219.1
Project("{FAE04EC0-301F-11D3-BF4B-00C04F79EFBC}") = "BouncerWF", "BouncerWF.csproj", "{B6726A3B-4A6F-4A16-B7C1-EB1B94C3524C}"
EndProject
Global
	GlobalSection(SolutionConfigurationPlatforms) = preSolution
		Debug|Any CPU = Debug|Any CPU
		Release|Any CPU = Release|Any CPU
	EndGlobalSection
	GlobalSection(ProjectConfigurationPlatforms) = postSolution
		{B6726A3B-4A6F-4A16-B7C1-EB1B94C3524C}.Debug|Any CPU.ActiveCfg = Debug|Any CPU
		{B6726A3B-4A6F-4A16-B7C1-EB1B94C3524C}.Debug|Any CPU.Build.0 = Debug|Any CPU
		{B6726A3B-4A6F-4A16-B7C1-EB1B94C3524C}.Release|Any CPU.ActiveCfg = Release|Any CPU
		{B6726A3B-4A6F-4A16-B7C1-EB1B94C3524C}.Release|Any CPU.Build.0 = Release|Any CPU
	EndGlobalSection
	GlobalSection(SolutionProperties) = preSolution
		HideSolutionNode = FALSE
	EndGlobalSection
	GlobalSection(ExtensibilityGlobals) = postSolution
		SolutionGuid = {CFE7CC07-AC83-45CD-BFBE-6DB531940E16}
	EndGlobalSection
EndGlobal
